
Microsoft Visual Studio Solution File, Format Version 12.00
# Visual Studio Version 17
VisualStudioVersion = 17.5.33516.290
MinimumVisualStudioVersion = 10.0.40219.1
Project("{9A19103F-16F7-4668-BE54-9A1E7A4F7556}") = "Generics", "Generics.csproj", "{B262147A-3109-4425-8CF9-131CA94F4FE6}"
EndProject
Project("{FAE04EC0-301F-11D3-BF4B-00C04F79EFBC}") = "Application", "..\Application\Application.csproj", "{01B118E5-7449-4C98-83C8-702C953C0ABB}"
EndProject
Project("{FAE04EC0-301F-11D3-BF4B-00C04F79EFBC}") = "Infrastructure", "..\Infrastructure\Infrastructure.csproj", "{6A8643F2-2A8D-4B16-849B-83196AB811A7}"
EndProject
Project("{FAE04EC0-301F-11D3-BF4B-00C04F79EFBC}") = "Domain", "..\Domain\Domain.csproj", "{36BD5F5D-CC5A-412D-9396-BA4110CBBA97}"
EndProject
Global
	GlobalSection(SolutionConfigurationPlatforms) = preSolution
		Debug|Any CPU = Debug|Any CPU
		Release|Any CPU = Release|Any CPU
	EndGlobalSection
	GlobalSection(ProjectConfigurationPlatforms) = postSolution
		{B262147A-3109-4425-8CF9-131CA94F4FE6}.Debug|Any CPU.ActiveCfg = Debug|Any CPU
		{B262147A-3109-4425-8CF9-131CA94F4FE6}.Debug|Any CPU.Build.0 = Debug|Any CPU
		{B262147A-3109-4425-8CF9-131CA94F4FE6}.Release|Any CPU.ActiveCfg = Release|Any CPU
		{B262147A-3109-4425-8CF9-131CA94F4FE6}.Release|Any CPU.Build.0 = Release|Any CPU
		{01B118E5-7449-4C98-83C8-702C953C0ABB}.Debug|Any CPU.ActiveCfg = Debug|Any CPU
		{01B118E5-7449-4C98-83C8-702C953C0ABB}.Debug|Any CPU.Build.0 = Debug|Any CPU
		{01B118E5-7449-4C98-83C8-702C953C0ABB}.Release|Any CPU.ActiveCfg = Release|Any CPU
		{01B118E5-7449-4C98-83C8-702C953C0ABB}.Release|Any CPU.Build.0 = Release|Any CPU
		{6A8643F2-2A8D-4B16-849B-83196AB811A7}.Debug|Any CPU.ActiveCfg = Debug|Any CPU
		{6A8643F2-2A8D-4B16-849B-83196AB811A7}.Debug|Any CPU.Build.0 = Debug|Any CPU
		{6A8643F2-2A8D-4B16-849B-83196AB811A7}.Release|Any CPU.ActiveCfg = Release|Any CPU
		{6A8643F2-2A8D-4B16-849B-83196AB811A7}.Release|Any CPU.Build.0 = Release|Any CPU
		{36BD5F5D-CC5A-412D-9396-BA4110CBBA97}.Debug|Any CPU.ActiveCfg = Debug|Any CPU
		{36BD5F5D-CC5A-412D-9396-BA4110CBBA97}.Debug|Any CPU.Build.0 = Debug|Any CPU
		{36BD5F5D-CC5A-412D-9396-BA4110CBBA97}.Release|Any CPU.ActiveCfg = Release|Any CPU
		{36BD5F5D-CC5A-412D-9396-BA4110CBBA97}.Release|Any CPU.Build.0 = Release|Any CPU
	EndGlobalSection
	GlobalSection(SolutionProperties) = preSolution
		HideSolutionNode = FALSE
	EndGlobalSection
	GlobalSection(ExtensibilityGlobals) = postSolution
		SolutionGuid = {75F482FE-78A0-4150-B048-69F8B7D0CF97}
	EndGlobalSection
EndGlobal
